// !$*UTF8*$!
{
	archiveVersion = 1;
	classes = {
	};
	objectVersion = 46;
	objects = {

/* Begin PBXBuildFile section */
		5034D4A71DCB09A600666762 /* Function.swift in Sources */ = {isa = PBXBuildFile; fileRef = 5034D4A61DCB09A600666762 /* Function.swift */; };
		5034D4A91DCB20F300666762 /* OperatorFunction.swift in Sources */ = {isa = PBXBuildFile; fileRef = 5034D4A81DCB20F300666762 /* OperatorFunction.swift */; };
		504639461DD0AA9A00F76D88 /* OperatorFunctionTests.swift in Sources */ = {isa = PBXBuildFile; fileRef = 504639451DD0AA9A00F76D88 /* OperatorFunctionTests.swift */; };
		504639481DD1FDA300F76D88 /* LogicalFunction.swift in Sources */ = {isa = PBXBuildFile; fileRef = 504639471DD1FDA300F76D88 /* LogicalFunction.swift */; };
		5046394A1DD3404000F76D88 /* LogicalFunctionTests.swift in Sources */ = {isa = PBXBuildFile; fileRef = 504639491DD3404000F76D88 /* LogicalFunctionTests.swift */; };
		507E4A751DCA138B00B95FD1 /* Formulitic.framework in Frameworks */ = {isa = PBXBuildFile; fileRef = 507E4A6B1DCA138A00B95FD1 /* Formulitic.framework */; };
		507E4A7C1DCA138B00B95FD1 /* Formulitic.h in Headers */ = {isa = PBXBuildFile; fileRef = 507E4A6E1DCA138A00B95FD1 /* Formulitic.h */; settings = {ATTRIBUTES = (Public, ); }; };
		507E4A871DCA1E3500B95FD1 /* Formulitic.swift in Sources */ = {isa = PBXBuildFile; fileRef = 507E4A861DCA1E3500B95FD1 /* Formulitic.swift */; };
		507E4A8D1DCA1F4E00B95FD1 /* Expression.swift in Sources */ = {isa = PBXBuildFile; fileRef = 507E4A8C1DCA1F4E00B95FD1 /* Expression.swift */; };
		507E4A8F1DCA20E500B95FD1 /* Value.swift in Sources */ = {isa = PBXBuildFile; fileRef = 507E4A8E1DCA20E500B95FD1 /* Value.swift */; };
		507E4A911DCA291000B95FD1 /* ErrorValue.swift in Sources */ = {isa = PBXBuildFile; fileRef = 507E4A901DCA291000B95FD1 /* ErrorValue.swift */; };
		507E4A931DCA2B2200B95FD1 /* EmptyValue.swift in Sources */ = {isa = PBXBuildFile; fileRef = 507E4A921DCA2B2200B95FD1 /* EmptyValue.swift */; };
		507E4A961DCA2C0700B95FD1 /* EvaluateContext.swift in Sources */ = {isa = PBXBuildFile; fileRef = 507E4A951DCA2C0700B95FD1 /* EvaluateContext.swift */; };
		507E4A981DCA36F600B95FD1 /* DoubleValue.swift in Sources */ = {isa = PBXBuildFile; fileRef = 507E4A971DCA36F600B95FD1 /* DoubleValue.swift */; };
		507E4A9A1DCA373400B95FD1 /* BoolValue.swift in Sources */ = {isa = PBXBuildFile; fileRef = 507E4A991DCA373400B95FD1 /* BoolValue.swift */; };
		507E4A9C1DCA37A900B95FD1 /* StringValue.swift in Sources */ = {isa = PBXBuildFile; fileRef = 507E4A9B1DCA37A900B95FD1 /* StringValue.swift */; };
		509DFDB21DF61FDD0041797F /* BuiltInFunction.swift in Sources */ = {isa = PBXBuildFile; fileRef = 509DFDB11DF61FDD0041797F /* BuiltInFunction.swift */; };
		509DFDB41DF6205E0041797F /* FunctionProvider.swift in Sources */ = {isa = PBXBuildFile; fileRef = 509DFDB31DF6205E0041797F /* FunctionProvider.swift */; };
		509DFDB61DF621B30041797F /* BasicFunctionProvider.swift in Sources */ = {isa = PBXBuildFile; fileRef = 509DFDB51DF621B30041797F /* BasicFunctionProvider.swift */; };
		509E53741DE1BEF40081FD54 /* StringFunctionTests.swift in Sources */ = {isa = PBXBuildFile; fileRef = 509E53731DE1BEF40081FD54 /* StringFunctionTests.swift */; };
		50A0540C1DCAB9BC00D4F7D9 /* ValueExpression.swift in Sources */ = {isa = PBXBuildFile; fileRef = 50A0540B1DCAB9BC00D4F7D9 /* ValueExpression.swift */; };
		50A0540E1DCABADD00D4F7D9 /* FunctionExpression.swift in Sources */ = {isa = PBXBuildFile; fileRef = 50A0540D1DCABADD00D4F7D9 /* FunctionExpression.swift */; };
		50A054131DCAC68500D4F7D9 /* FormulaParser.swift in Sources */ = {isa = PBXBuildFile; fileRef = 50A054121DCAC68500D4F7D9 /* FormulaParser.swift */; };
		50CDBEAC1DE14E1900A89D74 /* StringFunction.swift in Sources */ = {isa = PBXBuildFile; fileRef = 50CDBEAB1DE14E1900A89D74 /* StringFunction.swift */; };
		50DF071E1DCECAA800FF034E /* Formula.swift in Sources */ = {isa = PBXBuildFile; fileRef = 50DF071D1DCECAA800FF034E /* Formula.swift */; };
		50DF07221DCF1AF700FF034E /* ReferenceProducer.swift in Sources */ = {isa = PBXBuildFile; fileRef = 50DF07211DCF1AF700FF034E /* ReferenceProducer.swift */; };
		50DF07241DCF1B3F00FF034E /* BasicReferenceProducer.swift in Sources */ = {isa = PBXBuildFile; fileRef = 50DF07231DCF1B3F00FF034E /* BasicReferenceProducer.swift */; };
		50DF07261DCF1B8500FF034E /* NullReferenceProducer.swift in Sources */ = {isa = PBXBuildFile; fileRef = 50DF07251DCF1B8500FF034E /* NullReferenceProducer.swift */; };
		50DF072B1DCF567600FF034E /* FormulaParserTests.swift in Sources */ = {isa = PBXBuildFile; fileRef = 50DF07271DCF559400FF034E /* FormulaParserTests.swift */; };
/* End PBXBuildFile section */

/* Begin PBXContainerItemProxy section */
		507E4A761DCA138B00B95FD1 /* PBXContainerItemProxy */ = {
			isa = PBXContainerItemProxy;
			containerPortal = 507E4A621DCA138A00B95FD1 /* Project object */;
			proxyType = 1;
			remoteGlobalIDString = 507E4A6A1DCA138A00B95FD1;
			remoteInfo = Formulitic;
		};
/* End PBXContainerItemProxy section */

/* Begin PBXFileReference section */
		5034D4A61DCB09A600666762 /* Function.swift */ = {isa = PBXFileReference; fileEncoding = 4; lastKnownFileType = sourcecode.swift; path = Function.swift; sourceTree = "<group>"; };
		5034D4A81DCB20F300666762 /* OperatorFunction.swift */ = {isa = PBXFileReference; fileEncoding = 4; lastKnownFileType = sourcecode.swift; path = OperatorFunction.swift; sourceTree = "<group>"; };
		504639451DD0AA9A00F76D88 /* OperatorFunctionTests.swift */ = {isa = PBXFileReference; fileEncoding = 4; lastKnownFileType = sourcecode.swift; path = OperatorFunctionTests.swift; sourceTree = "<group>"; };
		504639471DD1FDA300F76D88 /* LogicalFunction.swift */ = {isa = PBXFileReference; fileEncoding = 4; lastKnownFileType = sourcecode.swift; path = LogicalFunction.swift; sourceTree = "<group>"; };
		504639491DD3404000F76D88 /* LogicalFunctionTests.swift */ = {isa = PBXFileReference; fileEncoding = 4; lastKnownFileType = sourcecode.swift; path = LogicalFunctionTests.swift; sourceTree = "<group>"; };
		507E4A6B1DCA138A00B95FD1 /* Formulitic.framework */ = {isa = PBXFileReference; explicitFileType = wrapper.framework; includeInIndex = 0; path = Formulitic.framework; sourceTree = BUILT_PRODUCTS_DIR; };
		507E4A6E1DCA138A00B95FD1 /* Formulitic.h */ = {isa = PBXFileReference; lastKnownFileType = sourcecode.c.h; path = Formulitic.h; sourceTree = "<group>"; };
		507E4A6F1DCA138A00B95FD1 /* Info.plist */ = {isa = PBXFileReference; lastKnownFileType = text.plist.xml; path = Info.plist; sourceTree = "<group>"; };
		507E4A741DCA138B00B95FD1 /* FormuliticTests_iOS.xctest */ = {isa = PBXFileReference; explicitFileType = wrapper.cfbundle; includeInIndex = 0; path = FormuliticTests_iOS.xctest; sourceTree = BUILT_PRODUCTS_DIR; };
		507E4A7B1DCA138B00B95FD1 /* Info.plist */ = {isa = PBXFileReference; lastKnownFileType = text.plist.xml; path = Info.plist; sourceTree = "<group>"; };
		507E4A861DCA1E3500B95FD1 /* Formulitic.swift */ = {isa = PBXFileReference; fileEncoding = 4; lastKnownFileType = sourcecode.swift; name = Formulitic.swift; path = Sources/Formulitic.swift; sourceTree = "<group>"; };
		507E4A8C1DCA1F4E00B95FD1 /* Expression.swift */ = {isa = PBXFileReference; fileEncoding = 4; lastKnownFileType = sourcecode.swift; path = Expression.swift; sourceTree = "<group>"; };
		507E4A8E1DCA20E500B95FD1 /* Value.swift */ = {isa = PBXFileReference; fileEncoding = 4; lastKnownFileType = sourcecode.swift; path = Value.swift; sourceTree = "<group>"; };
		507E4A901DCA291000B95FD1 /* ErrorValue.swift */ = {isa = PBXFileReference; fileEncoding = 4; lastKnownFileType = sourcecode.swift; path = ErrorValue.swift; sourceTree = "<group>"; };
		507E4A921DCA2B2200B95FD1 /* EmptyValue.swift */ = {isa = PBXFileReference; fileEncoding = 4; lastKnownFileType = sourcecode.swift; path = EmptyValue.swift; sourceTree = "<group>"; };
		507E4A951DCA2C0700B95FD1 /* EvaluateContext.swift */ = {isa = PBXFileReference; fileEncoding = 4; lastKnownFileType = sourcecode.swift; name = EvaluateContext.swift; path = Sources/EvaluateContext.swift; sourceTree = "<group>"; };
		507E4A971DCA36F600B95FD1 /* DoubleValue.swift */ = {isa = PBXFileReference; fileEncoding = 4; lastKnownFileType = sourcecode.swift; path = DoubleValue.swift; sourceTree = "<group>"; };
		507E4A991DCA373400B95FD1 /* BoolValue.swift */ = {isa = PBXFileReference; fileEncoding = 4; lastKnownFileType = sourcecode.swift; path = BoolValue.swift; sourceTree = "<group>"; };
		507E4A9B1DCA37A900B95FD1 /* StringValue.swift */ = {isa = PBXFileReference; fileEncoding = 4; lastKnownFileType = sourcecode.swift; path = StringValue.swift; sourceTree = "<group>"; };
		509DFDB11DF61FDD0041797F /* BuiltInFunction.swift */ = {isa = PBXFileReference; fileEncoding = 4; lastKnownFileType = sourcecode.swift; path = BuiltInFunction.swift; sourceTree = "<group>"; };
		509DFDB31DF6205E0041797F /* FunctionProvider.swift */ = {isa = PBXFileReference; fileEncoding = 4; lastKnownFileType = sourcecode.swift; path = FunctionProvider.swift; sourceTree = "<group>"; };
		509DFDB51DF621B30041797F /* BasicFunctionProvider.swift */ = {isa = PBXFileReference; fileEncoding = 4; lastKnownFileType = sourcecode.swift; path = BasicFunctionProvider.swift; sourceTree = "<group>"; };
		509E53731DE1BEF40081FD54 /* StringFunctionTests.swift */ = {isa = PBXFileReference; fileEncoding = 4; lastKnownFileType = sourcecode.swift; path = StringFunctionTests.swift; sourceTree = "<group>"; };
		50A0540B1DCAB9BC00D4F7D9 /* ValueExpression.swift */ = {isa = PBXFileReference; fileEncoding = 4; lastKnownFileType = sourcecode.swift; path = ValueExpression.swift; sourceTree = "<group>"; };
		50A0540D1DCABADD00D4F7D9 /* FunctionExpression.swift */ = {isa = PBXFileReference; fileEncoding = 4; lastKnownFileType = sourcecode.swift; path = FunctionExpression.swift; sourceTree = "<group>"; };
		50A054121DCAC68500D4F7D9 /* FormulaParser.swift */ = {isa = PBXFileReference; fileEncoding = 4; lastKnownFileType = sourcecode.swift; path = FormulaParser.swift; sourceTree = "<group>"; };
		50CDBEAB1DE14E1900A89D74 /* StringFunction.swift */ = {isa = PBXFileReference; fileEncoding = 4; lastKnownFileType = sourcecode.swift; path = StringFunction.swift; sourceTree = "<group>"; };
		50DF071D1DCECAA800FF034E /* Formula.swift */ = {isa = PBXFileReference; fileEncoding = 4; lastKnownFileType = sourcecode.swift; name = Formula.swift; path = Sources/Formula.swift; sourceTree = "<group>"; };
		50DF07211DCF1AF700FF034E /* ReferenceProducer.swift */ = {isa = PBXFileReference; fileEncoding = 4; lastKnownFileType = sourcecode.swift; path = ReferenceProducer.swift; sourceTree = "<group>"; };
		50DF07231DCF1B3F00FF034E /* BasicReferenceProducer.swift */ = {isa = PBXFileReference; fileEncoding = 4; lastKnownFileType = sourcecode.swift; path = BasicReferenceProducer.swift; sourceTree = "<group>"; };
		50DF07251DCF1B8500FF034E /* NullReferenceProducer.swift */ = {isa = PBXFileReference; fileEncoding = 4; lastKnownFileType = sourcecode.swift; path = NullReferenceProducer.swift; sourceTree = "<group>"; };
		50DF07271DCF559400FF034E /* FormulaParserTests.swift */ = {isa = PBXFileReference; fileEncoding = 4; lastKnownFileType = sourcecode.swift; path = FormulaParserTests.swift; sourceTree = "<group>"; };
/* End PBXFileReference section */

/* Begin PBXFrameworksBuildPhase section */
		507E4A671DCA138A00B95FD1 /* Frameworks */ = {
			isa = PBXFrameworksBuildPhase;
			buildActionMask = 2147483647;
			files = (
			);
			runOnlyForDeploymentPostprocessing = 0;
		};
		507E4A711DCA138B00B95FD1 /* Frameworks */ = {
			isa = PBXFrameworksBuildPhase;
			buildActionMask = 2147483647;
			files = (
				507E4A751DCA138B00B95FD1 /* Formulitic.framework in Frameworks */,
			);
			runOnlyForDeploymentPostprocessing = 0;
		};
/* End PBXFrameworksBuildPhase section */

/* Begin PBXGroup section */
		5034D4A51DCB098F00666762 /* Function */ = {
			isa = PBXGroup;
			children = (
				509DFDB01DF61F920041797F /* BuiltIn */,
				509DFDB51DF621B30041797F /* BasicFunctionProvider.swift */,
				5034D4A61DCB09A600666762 /* Function.swift */,
				509DFDB31DF6205E0041797F /* FunctionProvider.swift */,
				5034D4A81DCB20F300666762 /* OperatorFunction.swift */,
			);
			path = Function;
			sourceTree = "<group>";
		};
		504639431DD0AA6500F76D88 /* Parser */ = {
			isa = PBXGroup;
			children = (
				50DF07271DCF559400FF034E /* FormulaParserTests.swift */,
			);
			path = Parser;
			sourceTree = "<group>";
		};
		504639441DD0AA7800F76D88 /* Function */ = {
			isa = PBXGroup;
			children = (
				504639491DD3404000F76D88 /* LogicalFunctionTests.swift */,
				504639451DD0AA9A00F76D88 /* OperatorFunctionTests.swift */,
				509E53731DE1BEF40081FD54 /* StringFunctionTests.swift */,
			);
			path = Function;
			sourceTree = "<group>";
		};
		507E4A611DCA138A00B95FD1 = {
			isa = PBXGroup;
			children = (
				507E4A6D1DCA138A00B95FD1 /* Formulitic */,
				507E4A851DCA14C400B95FD1 /* Sources */,
				507E4A951DCA2C0700B95FD1 /* EvaluateContext.swift */,
				50DF071D1DCECAA800FF034E /* Formula.swift */,
				507E4A861DCA1E3500B95FD1 /* Formulitic.swift */,
				507E4A781DCA138B00B95FD1 /* FormuliticTests */,
				507E4A6C1DCA138A00B95FD1 /* Products */,
			);
			sourceTree = "<group>";
		};
		507E4A6C1DCA138A00B95FD1 /* Products */ = {
			isa = PBXGroup;
			children = (
				507E4A6B1DCA138A00B95FD1 /* Formulitic.framework */,
				507E4A741DCA138B00B95FD1 /* FormuliticTests_iOS.xctest */,
			);
			name = Products;
			sourceTree = "<group>";
		};
		507E4A6D1DCA138A00B95FD1 /* Formulitic */ = {
			isa = PBXGroup;
			children = (
				507E4A6E1DCA138A00B95FD1 /* Formulitic.h */,
				507E4A6F1DCA138A00B95FD1 /* Info.plist */,
			);
			path = Formulitic;
			sourceTree = "<group>";
		};
		507E4A781DCA138B00B95FD1 /* FormuliticTests */ = {
			isa = PBXGroup;
			children = (
				504639441DD0AA7800F76D88 /* Function */,
				504639431DD0AA6500F76D88 /* Parser */,
				507E4A7B1DCA138B00B95FD1 /* Info.plist */,
			);
			path = FormuliticTests;
			sourceTree = "<group>";
		};
		507E4A851DCA14C400B95FD1 /* Sources */ = {
			isa = PBXGroup;
			children = (
				507E4A881DCA1E9F00B95FD1 /* Expression */,
				5034D4A51DCB098F00666762 /* Function */,
				50DF071F1DCED27100FF034E /* Parser */,
				50DF07201DCF1AC800FF034E /* Reference */,
				507E4A891DCA1E9F00B95FD1 /* Value */,
			);
			path = Sources;
			sourceTree = "<group>";
		};
		507E4A881DCA1E9F00B95FD1 /* Expression */ = {
			isa = PBXGroup;
			children = (
				507E4A8C1DCA1F4E00B95FD1 /* Expression.swift */,
				50A0540D1DCABADD00D4F7D9 /* FunctionExpression.swift */,
				50A0540B1DCAB9BC00D4F7D9 /* ValueExpression.swift */,
			);
			path = Expression;
			sourceTree = "<group>";
		};
		507E4A891DCA1E9F00B95FD1 /* Value */ = {
			isa = PBXGroup;
			children = (
				507E4A991DCA373400B95FD1 /* BoolValue.swift */,
				507E4A971DCA36F600B95FD1 /* DoubleValue.swift */,
				507E4A921DCA2B2200B95FD1 /* EmptyValue.swift */,
				507E4A901DCA291000B95FD1 /* ErrorValue.swift */,
				507E4A9B1DCA37A900B95FD1 /* StringValue.swift */,
				507E4A8E1DCA20E500B95FD1 /* Value.swift */,
			);
			path = Value;
			sourceTree = "<group>";
		};
		509DFDB01DF61F920041797F /* BuiltIn */ = {
			isa = PBXGroup;
			children = (
				509DFDB11DF61FDD0041797F /* BuiltInFunction.swift */,
				504639471DD1FDA300F76D88 /* LogicalFunction.swift */,
				50CDBEAB1DE14E1900A89D74 /* StringFunction.swift */,
			);
			path = BuiltIn;
			sourceTree = "<group>";
		};
		50DF071F1DCED27100FF034E /* Parser */ = {
			isa = PBXGroup;
			children = (
				50A054121DCAC68500D4F7D9 /* FormulaParser.swift */,
			);
			path = Parser;
			sourceTree = "<group>";
		};
		50DF07201DCF1AC800FF034E /* Reference */ = {
			isa = PBXGroup;
			children = (
				50DF07211DCF1AF700FF034E /* ReferenceProducer.swift */,
				50DF07231DCF1B3F00FF034E /* BasicReferenceProducer.swift */,
				50DF07251DCF1B8500FF034E /* NullReferenceProducer.swift */,
			);
			path = Reference;
			sourceTree = "<group>";
		};
/* End PBXGroup section */

/* Begin PBXHeadersBuildPhase section */
		507E4A681DCA138A00B95FD1 /* Headers */ = {
			isa = PBXHeadersBuildPhase;
			buildActionMask = 2147483647;
			files = (
				507E4A7C1DCA138B00B95FD1 /* Formulitic.h in Headers */,
			);
			runOnlyForDeploymentPostprocessing = 0;
		};
/* End PBXHeadersBuildPhase section */

/* Begin PBXNativeTarget section */
		507E4A6A1DCA138A00B95FD1 /* Formulitic_iOS */ = {
			isa = PBXNativeTarget;
			buildConfigurationList = 507E4A7F1DCA138B00B95FD1 /* Build configuration list for PBXNativeTarget "Formulitic_iOS" */;
			buildPhases = (
				507E4A661DCA138A00B95FD1 /* Sources */,
				507E4A671DCA138A00B95FD1 /* Frameworks */,
				507E4A681DCA138A00B95FD1 /* Headers */,
				507E4A691DCA138A00B95FD1 /* Resources */,
			);
			buildRules = (
			);
			dependencies = (
			);
			name = Formulitic_iOS;
			productName = Formulitic;
			productReference = 507E4A6B1DCA138A00B95FD1 /* Formulitic.framework */;
			productType = "com.apple.product-type.framework";
		};
		507E4A731DCA138B00B95FD1 /* FormuliticTests_iOS */ = {
			isa = PBXNativeTarget;
			buildConfigurationList = 507E4A821DCA138B00B95FD1 /* Build configuration list for PBXNativeTarget "FormuliticTests_iOS" */;
			buildPhases = (
				507E4A701DCA138B00B95FD1 /* Sources */,
				507E4A711DCA138B00B95FD1 /* Frameworks */,
				507E4A721DCA138B00B95FD1 /* Resources */,
			);
			buildRules = (
			);
			dependencies = (
				507E4A771DCA138B00B95FD1 /* PBXTargetDependency */,
			);
			name = FormuliticTests_iOS;
			productName = FormuliticTests;
			productReference = 507E4A741DCA138B00B95FD1 /* FormuliticTests_iOS.xctest */;
			productType = "com.apple.product-type.bundle.unit-test";
		};
/* End PBXNativeTarget section */

/* Begin PBXProject section */
		507E4A621DCA138A00B95FD1 /* Project object */ = {
			isa = PBXProject;
			attributes = {
				LastSwiftUpdateCheck = 0810;
				LastUpgradeCheck = 0930;
				ORGANIZATIONNAME = hironytic;
				TargetAttributes = {
					507E4A6A1DCA138A00B95FD1 = {
						CreatedOnToolsVersion = 8.1;
						LastSwiftMigration = 0900;
						ProvisioningStyle = Manual;
					};
					507E4A731DCA138B00B95FD1 = {
						CreatedOnToolsVersion = 8.1;
						LastSwiftMigration = 0900;
						ProvisioningStyle = Automatic;
					};
				};
			};
			buildConfigurationList = 507E4A651DCA138A00B95FD1 /* Build configuration list for PBXProject "Formulitic" */;
			compatibilityVersion = "Xcode 3.2";
			developmentRegion = English;
			hasScannedForEncodings = 0;
			knownRegions = (
				en,
			);
			mainGroup = 507E4A611DCA138A00B95FD1;
			productRefGroup = 507E4A6C1DCA138A00B95FD1 /* Products */;
			projectDirPath = "";
			projectRoot = "";
			targets = (
				507E4A6A1DCA138A00B95FD1 /* Formulitic_iOS */,
				507E4A731DCA138B00B95FD1 /* FormuliticTests_iOS */,
			);
		};
/* End PBXProject section */

/* Begin PBXResourcesBuildPhase section */
		507E4A691DCA138A00B95FD1 /* Resources */ = {
			isa = PBXResourcesBuildPhase;
			buildActionMask = 2147483647;
			files = (
			);
			runOnlyForDeploymentPostprocessing = 0;
		};
		507E4A721DCA138B00B95FD1 /* Resources */ = {
			isa = PBXResourcesBuildPhase;
			buildActionMask = 2147483647;
			files = (
			);
			runOnlyForDeploymentPostprocessing = 0;
		};
/* End PBXResourcesBuildPhase section */

/* Begin PBXSourcesBuildPhase section */
		507E4A661DCA138A00B95FD1 /* Sources */ = {
			isa = PBXSourcesBuildPhase;
			buildActionMask = 2147483647;
			files = (
				50A054131DCAC68500D4F7D9 /* FormulaParser.swift in Sources */,
				507E4A871DCA1E3500B95FD1 /* Formulitic.swift in Sources */,
				5034D4A91DCB20F300666762 /* OperatorFunction.swift in Sources */,
				507E4A961DCA2C0700B95FD1 /* EvaluateContext.swift in Sources */,
				509DFDB41DF6205E0041797F /* FunctionProvider.swift in Sources */,
				50CDBEAC1DE14E1900A89D74 /* StringFunction.swift in Sources */,
				509DFDB21DF61FDD0041797F /* BuiltInFunction.swift in Sources */,
				507E4A9A1DCA373400B95FD1 /* BoolValue.swift in Sources */,
				50DF07241DCF1B3F00FF034E /* BasicReferenceProducer.swift in Sources */,
				50DF07221DCF1AF700FF034E /* ReferenceProducer.swift in Sources */,
				507E4A9C1DCA37A900B95FD1 /* StringValue.swift in Sources */,
				507E4A8D1DCA1F4E00B95FD1 /* Expression.swift in Sources */,
				504639481DD1FDA300F76D88 /* LogicalFunction.swift in Sources */,
				509DFDB61DF621B30041797F /* BasicFunctionProvider.swift in Sources */,
				507E4A981DCA36F600B95FD1 /* DoubleValue.swift in Sources */,
				50DF07261DCF1B8500FF034E /* NullReferenceProducer.swift in Sources */,
				507E4A931DCA2B2200B95FD1 /* EmptyValue.swift in Sources */,
				50A0540E1DCABADD00D4F7D9 /* FunctionExpression.swift in Sources */,
				50A0540C1DCAB9BC00D4F7D9 /* ValueExpression.swift in Sources */,
				5034D4A71DCB09A600666762 /* Function.swift in Sources */,
				507E4A911DCA291000B95FD1 /* ErrorValue.swift in Sources */,
				50DF071E1DCECAA800FF034E /* Formula.swift in Sources */,
				507E4A8F1DCA20E500B95FD1 /* Value.swift in Sources */,
			);
			runOnlyForDeploymentPostprocessing = 0;
		};
		507E4A701DCA138B00B95FD1 /* Sources */ = {
			isa = PBXSourcesBuildPhase;
			buildActionMask = 2147483647;
			files = (
				509E53741DE1BEF40081FD54 /* StringFunctionTests.swift in Sources */,
				50DF072B1DCF567600FF034E /* FormulaParserTests.swift in Sources */,
				5046394A1DD3404000F76D88 /* LogicalFunctionTests.swift in Sources */,
				504639461DD0AA9A00F76D88 /* OperatorFunctionTests.swift in Sources */,
			);
			runOnlyForDeploymentPostprocessing = 0;
		};
/* End PBXSourcesBuildPhase section */

/* Begin PBXTargetDependency section */
		507E4A771DCA138B00B95FD1 /* PBXTargetDependency */ = {
			isa = PBXTargetDependency;
			target = 507E4A6A1DCA138A00B95FD1 /* Formulitic_iOS */;
			targetProxy = 507E4A761DCA138B00B95FD1 /* PBXContainerItemProxy */;
		};
/* End PBXTargetDependency section */

/* Begin XCBuildConfiguration section */
		507E4A7D1DCA138B00B95FD1 /* Debug */ = {
			isa = XCBuildConfiguration;
			buildSettings = {
				ALWAYS_SEARCH_USER_PATHS = NO;
				CLANG_ANALYZER_NONNULL = YES;
				CLANG_CXX_LANGUAGE_STANDARD = "gnu++0x";
				CLANG_CXX_LIBRARY = "libc++";
				CLANG_ENABLE_MODULES = YES;
				CLANG_ENABLE_OBJC_ARC = YES;
				CLANG_WARN_BLOCK_CAPTURE_AUTORELEASING = YES;
				CLANG_WARN_BOOL_CONVERSION = YES;
				CLANG_WARN_COMMA = YES;
				CLANG_WARN_CONSTANT_CONVERSION = YES;
				CLANG_WARN_DEPRECATED_OBJC_IMPLEMENTATIONS = YES;
				CLANG_WARN_DIRECT_OBJC_ISA_USAGE = YES_ERROR;
				CLANG_WARN_DOCUMENTATION_COMMENTS = YES;
				CLANG_WARN_EMPTY_BODY = YES;
				CLANG_WARN_ENUM_CONVERSION = YES;
				CLANG_WARN_INFINITE_RECURSION = YES;
				CLANG_WARN_INT_CONVERSION = YES;
				CLANG_WARN_NON_LITERAL_NULL_CONVERSION = YES;
				CLANG_WARN_OBJC_IMPLICIT_RETAIN_SELF = YES;
				CLANG_WARN_OBJC_LITERAL_CONVERSION = YES;
				CLANG_WARN_OBJC_ROOT_CLASS = YES_ERROR;
				CLANG_WARN_RANGE_LOOP_ANALYSIS = YES;
				CLANG_WARN_STRICT_PROTOTYPES = YES;
				CLANG_WARN_SUSPICIOUS_MOVE = YES;
				CLANG_WARN_SUSPICIOUS_MOVES = YES;
				CLANG_WARN_UNREACHABLE_CODE = YES;
				CLANG_WARN__DUPLICATE_METHOD_MATCH = YES;
				"CODE_SIGN_IDENTITY[sdk=iphoneos*]" = "iPhone Developer";
				COPY_PHASE_STRIP = NO;
				CURRENT_PROJECT_VERSION = 1;
				DEBUG_INFORMATION_FORMAT = dwarf;
				ENABLE_STRICT_OBJC_MSGSEND = YES;
				ENABLE_TESTABILITY = YES;
				GCC_C_LANGUAGE_STANDARD = gnu99;
				GCC_DYNAMIC_NO_PIC = NO;
				GCC_NO_COMMON_BLOCKS = YES;
				GCC_OPTIMIZATION_LEVEL = 0;
				GCC_PREPROCESSOR_DEFINITIONS = (
					"DEBUG=1",
					"$(inherited)",
				);
				GCC_WARN_64_TO_32_BIT_CONVERSION = YES;
				GCC_WARN_ABOUT_RETURN_TYPE = YES_ERROR;
				GCC_WARN_UNDECLARED_SELECTOR = YES;
				GCC_WARN_UNINITIALIZED_AUTOS = YES_AGGRESSIVE;
				GCC_WARN_UNUSED_FUNCTION = YES;
				GCC_WARN_UNUSED_VARIABLE = YES;
				IPHONEOS_DEPLOYMENT_TARGET = 8.0;
				MTL_ENABLE_DEBUG_INFO = YES;
				ONLY_ACTIVE_ARCH = YES;
				SDKROOT = iphoneos;
				SWIFT_ACTIVE_COMPILATION_CONDITIONS = DEBUG;
				SWIFT_OPTIMIZATION_LEVEL = "-Onone";
				SWIFT_VERSION = 4.2;
				TARGETED_DEVICE_FAMILY = "1,2";
				VERSIONING_SYSTEM = "apple-generic";
				VERSION_INFO_PREFIX = "";
			};
			name = Debug;
		};
		507E4A7E1DCA138B00B95FD1 /* Release */ = {
			isa = XCBuildConfiguration;
			buildSettings = {
				ALWAYS_SEARCH_USER_PATHS = NO;
				CLANG_ANALYZER_NONNULL = YES;
				CLANG_CXX_LANGUAGE_STANDARD = "gnu++0x";
				CLANG_CXX_LIBRARY = "libc++";
				CLANG_ENABLE_MODULES = YES;
				CLANG_ENABLE_OBJC_ARC = YES;
				CLANG_WARN_BLOCK_CAPTURE_AUTORELEASING = YES;
				CLANG_WARN_BOOL_CONVERSION = YES;
				CLANG_WARN_COMMA = YES;
				CLANG_WARN_CONSTANT_CONVERSION = YES;
				CLANG_WARN_DEPRECATED_OBJC_IMPLEMENTATIONS = YES;
				CLANG_WARN_DIRECT_OBJC_ISA_USAGE = YES_ERROR;
				CLANG_WARN_DOCUMENTATION_COMMENTS = YES;
				CLANG_WARN_EMPTY_BODY = YES;
				CLANG_WARN_ENUM_CONVERSION = YES;
				CLANG_WARN_INFINITE_RECURSION = YES;
				CLANG_WARN_INT_CONVERSION = YES;
				CLANG_WARN_NON_LITERAL_NULL_CONVERSION = YES;
				CLANG_WARN_OBJC_IMPLICIT_RETAIN_SELF = YES;
				CLANG_WARN_OBJC_LITERAL_CONVERSION = YES;
				CLANG_WARN_OBJC_ROOT_CLASS = YES_ERROR;
				CLANG_WARN_RANGE_LOOP_ANALYSIS = YES;
				CLANG_WARN_STRICT_PROTOTYPES = YES;
				CLANG_WARN_SUSPICIOUS_MOVE = YES;
				CLANG_WARN_SUSPICIOUS_MOVES = YES;
				CLANG_WARN_UNREACHABLE_CODE = YES;
				CLANG_WARN__DUPLICATE_METHOD_MATCH = YES;
				"CODE_SIGN_IDENTITY[sdk=iphoneos*]" = "iPhone Developer";
				COPY_PHASE_STRIP = NO;
				CURRENT_PROJECT_VERSION = 1;
				DEBUG_INFORMATION_FORMAT = "dwarf-with-dsym";
				ENABLE_NS_ASSERTIONS = NO;
				ENABLE_STRICT_OBJC_MSGSEND = YES;
				GCC_C_LANGUAGE_STANDARD = gnu99;
				GCC_NO_COMMON_BLOCKS = YES;
				GCC_WARN_64_TO_32_BIT_CONVERSION = YES;
				GCC_WARN_ABOUT_RETURN_TYPE = YES_ERROR;
				GCC_WARN_UNDECLARED_SELECTOR = YES;
				GCC_WARN_UNINITIALIZED_AUTOS = YES_AGGRESSIVE;
				GCC_WARN_UNUSED_FUNCTION = YES;
				GCC_WARN_UNUSED_VARIABLE = YES;
				IPHONEOS_DEPLOYMENT_TARGET = 8.0;
				MTL_ENABLE_DEBUG_INFO = NO;
				SDKROOT = iphoneos;
				SWIFT_OPTIMIZATION_LEVEL = "-Owholemodule";
				SWIFT_VERSION = 4.2;
				TARGETED_DEVICE_FAMILY = "1,2";
				VALIDATE_PRODUCT = YES;
				VERSIONING_SYSTEM = "apple-generic";
				VERSION_INFO_PREFIX = "";
			};
			name = Release;
		};
		507E4A801DCA138B00B95FD1 /* Debug */ = {
			isa = XCBuildConfiguration;
			buildSettings = {
				CLANG_ENABLE_MODULES = YES;
				CODE_SIGN_IDENTITY = "";
				DEFINES_MODULE = YES;
				DEVELOPMENT_TEAM = "";
				DYLIB_COMPATIBILITY_VERSION = 1;
				DYLIB_CURRENT_VERSION = 1;
				DYLIB_INSTALL_NAME_BASE = "@rpath";
				INFOPLIST_FILE = Formulitic/Info.plist;
				INSTALL_PATH = "$(LOCAL_LIBRARY_DIR)/Frameworks";
				LD_RUNPATH_SEARCH_PATHS = "$(inherited) @executable_path/Frameworks @loader_path/Frameworks";
				PRODUCT_BUNDLE_IDENTIFIER = com.hironytic.Formulitic;
				PRODUCT_NAME = Formulitic;
				SKIP_INSTALL = YES;
				SWIFT_OPTIMIZATION_LEVEL = "-Onone";
			};
			name = Debug;
		};
		507E4A811DCA138B00B95FD1 /* Release */ = {
			isa = XCBuildConfiguration;
			buildSettings = {
				CLANG_ENABLE_MODULES = YES;
				CODE_SIGN_IDENTITY = "";
				DEFINES_MODULE = YES;
				DEVELOPMENT_TEAM = "";
				DYLIB_COMPATIBILITY_VERSION = 1;
				DYLIB_CURRENT_VERSION = 1;
				DYLIB_INSTALL_NAME_BASE = "@rpath";
				INFOPLIST_FILE = Formulitic/Info.plist;
				INSTALL_PATH = "$(LOCAL_LIBRARY_DIR)/Frameworks";
				LD_RUNPATH_SEARCH_PATHS = "$(inherited) @executable_path/Frameworks @loader_path/Frameworks";
				PRODUCT_BUNDLE_IDENTIFIER = com.hironytic.Formulitic;
				PRODUCT_NAME = Formulitic;
				SKIP_INSTALL = YES;
			};
			name = Release;
		};
		507E4A831DCA138B00B95FD1 /* Debug */ = {
			isa = XCBuildConfiguration;
			buildSettings = {
				ALWAYS_EMBED_SWIFT_STANDARD_LIBRARIES = YES;
				INFOPLIST_FILE = FormuliticTests/Info.plist;
				LD_RUNPATH_SEARCH_PATHS = "$(inherited) @executable_path/Frameworks @loader_path/Frameworks";
				PRODUCT_BUNDLE_IDENTIFIER = com.hironytic.FormuliticTests;
				PRODUCT_NAME = "$(TARGET_NAME)";
			};
			name = Debug;
		};
		507E4A841DCA138B00B95FD1 /* Release */ = {
			isa = XCBuildConfiguration;
			buildSettings = {
				ALWAYS_EMBED_SWIFT_STANDARD_LIBRARIES = YES;
				INFOPLIST_FILE = FormuliticTests/Info.plist;
				LD_RUNPATH_SEARCH_PATHS = "$(inherited) @executable_path/Frameworks @loader_path/Frameworks";
				PRODUCT_BUNDLE_IDENTIFIER = com.hironytic.FormuliticTests;
				PRODUCT_NAME = "$(TARGET_NAME)";
			};
			name = Release;
		};
/* End XCBuildConfiguration section */

/* Begin XCConfigurationList section */
		507E4A651DCA138A00B95FD1 /* Build configuration list for PBXProject "Formulitic" */ = {
			isa = XCConfigurationList;
			buildConfigurations = (
				507E4A7D1DCA138B00B95FD1 /* Debug */,
				507E4A7E1DCA138B00B95FD1 /* Release */,
			);
			defaultConfigurationIsVisible = 0;
			defaultConfigurationName = Release;
		};
		507E4A7F1DCA138B00B95FD1 /* Build configuration list for PBXNativeTarget "Formulitic_iOS" */ = {
			isa = XCConfigurationList;
			buildConfigurations = (
				507E4A801DCA138B00B95FD1 /* Debug */,
				507E4A811DCA138B00B95FD1 /* Release */,
			);
			defaultConfigurationIsVisible = 0;
			defaultConfigurationName = Release;
		};
		507E4A821DCA138B00B95FD1 /* Build configuration list for PBXNativeTarget "FormuliticTests_iOS" */ = {
			isa = XCConfigurationList;
			buildConfigurations = (
				507E4A831DCA138B00B95FD1 /* Debug */,
				507E4A841DCA138B00B95FD1 /* Release */,
			);
			defaultConfigurationIsVisible = 0;
			defaultConfigurationName = Release;
		};
/* End XCConfigurationList section */
	};
	rootObject = 507E4A621DCA138A00B95FD1 /* Project object */;
}
